{
  "requires": true,
  "lockfileVersion": 1,
  "dependencies": {
    "react-native-sound": {
      "version": "0.11.0",
      "resolved": "https://registry.npmjs.org/react-native-sound/-/react-native-sound-0.11.0.tgz",
      "integrity": "sha512-4bGAZfni6E2L695NQjOZwNLBQGXgBGYC4Sy+h99K5h0HqNZjCqR0+aLel+ezASxEJDpaH83gylNObXpiqJgdwg=="
    }
  }
}
